PODS:
  - Dropbox-iOS-SDK (1.3.10)
  - Expecta (0.3.0)
  - KFEpubKit (0.0.6):
    - KissXML
    - SSZipArchive
  - KissXML (5.0)
  - OCMock (2.2.3)
  - Specta (0.2.1)
  - SSZipArchive (0.3.1)

DEPENDENCIES:
  - Dropbox-iOS-SDK (~> 1.3)
  - Expecta
  - KFEpubKit (~> 0.0)
  - OCMock
  - Specta

SPEC CHECKSUMS:
  Dropbox-iOS-SDK: c3f646025b276846a5c481621753d7819abc1c36
  Expecta: 322f1dc42610106a5ba9871b4924cf1635d80833
  KFEpubKit: 266edc8eae65740e628c6d9a55c355f148ccd8e1
  KissXML: 4c66b6f39ef49c23e6bb8d335b94136f12b1b615
  OCMock: 74e4ddbcef134170dcc844f91c691f13868075d7
  Specta: 2d06220591110c6d9757d8be8ecf8e63aa40dc2a
  SSZipArchive: 47d0589a15452311749a4eeecb97e12800d127de

COCOAPODS: 0.31.1
