// !$*UTF8*$!
{
	archiveVersion = 1;
	classes = {
	};
	objectVersion = 46;
	objects = {

/* Begin PBXBuildFile section */
		277083C4A62D4D6BA7E8A79B /* Foundation.framework in Frameworks */ = {isa = PBXBuildFile; fileRef = 3448C747F4874A9282744186 /* Foundation.framework */; };
		4BEA287464C9455FA505173C /* libPods-unit_tests.a in Frameworks */ = {isa = PBXBuildFile; fileRef = 08068DFBAE2242BD94396D8A /* libPods-unit_tests.a */; };
		5725CA73579B4337897A4BCF /* main.m in Sources */ = {isa = PBXBuildFile; fileRef = F3DC6A9F8D8149D4A4BB08D5 /* main.m */; };
		699BFC95CE6D475784108ED3 /* Images.xcassets in Resources */ = {isa = PBXBuildFile; fileRef = E3F0C3F3EEBB43658AED1638 /* Images.xcassets */; };
		7CE81026CB634F2997C76B87 /* libPods.a in Frameworks */ = {isa = PBXBuildFile; fileRef = 9F6775EBE9344211AE4DA59A /* libPods.a */; };
		99A671595652453691C40955 /* LEGAppDelegate.m in Sources */ = {isa = PBXBuildFile; fileRef = A8006846039646548E17CD37 /* LEGAppDelegate.m */; };
		AD1D429D18ECDC8200EADCA6 /* Brad Stone - The Everything Store, Jeff Bezos and the Age of Amazon.epub in Resources */ = {isa = PBXBuildFile; fileRef = AD1D429C18ECDBAB00EADCA6 /* Brad Stone - The Everything Store, Jeff Bezos and the Age of Amazon.epub */; };
		AD1D42A018EDD02600EADCA6 /* LEGMainViewController.m in Sources */ = {isa = PBXBuildFile; fileRef = AD1D429F18EDD02600EADCA6 /* LEGMainViewController.m */; };
		AD1D42A318EDD15A00EADCA6 /* LEGPageViewController.m in Sources */ = {isa = PBXBuildFile; fileRef = AD1D42A218EDD15A00EADCA6 /* LEGPageViewController.m */; };
		AD1D42A618EE100700EADCA6 /* LEGEpubDataSource.m in Sources */ = {isa = PBXBuildFile; fileRef = AD1D42A518EE100700EADCA6 /* LEGEpubDataSource.m */; };
		AD1D42B318EE399300EADCA6 /* LEGEpubContentPager.m in Sources */ = {isa = PBXBuildFile; fileRef = AD1D42B218EE399300EADCA6 /* LEGEpubContentPager.m */; };
		AD1D42B518EF309100EADCA6 /* tolstoy-war-and-peace.epub in Resources */ = {isa = PBXBuildFile; fileRef = AD1D42B418EF309100EADCA6 /* tolstoy-war-and-peace.epub */; };
		AD1D42B818EF385C00EADCA6 /* LEGEpubChapter.m in Sources */ = {isa = PBXBuildFile; fileRef = AD1D42B718EF385C00EADCA6 /* LEGEpubChapter.m */; };
		AD1D42BE18EF6F2500EADCA6 /* LEGLibraryTableViewController.m in Sources */ = {isa = PBXBuildFile; fileRef = AD1D42BD18EF6F2500EADCA6 /* LEGLibraryTableViewController.m */; };
		AD1D42D018F35AC200EADCA6 /* Alexis Ohanian - Without Their Permission, How the 21st Century Will Be Made, Not Managed.epub in Resources */ = {isa = PBXBuildFile; fileRef = AD1D42BF18F35AC200EADCA6 /* Alexis Ohanian - Without Their Permission, How the 21st Century Will Be Made, Not Managed.epub */; };
		AD1D42D118F35AC200EADCA6 /* Clive Thompson - Public Thinking (Adapted from Smarter Than You Think).epub in Resources */ = {isa = PBXBuildFile; fileRef = AD1D42C018F35AC200EADCA6 /* Clive Thompson - Public Thinking (Adapted from Smarter Than You Think).epub */; };
		AD1D42D218F35AC200EADCA6 /* Daniel H. Pink - Drive.epub in Resources */ = {isa = PBXBuildFile; fileRef = AD1D42C118F35AC200EADCA6 /* Daniel H. Pink - Drive.epub */; };
		AD1D42D318F35AC200EADCA6 /* Frank Chimero - The Shape of Design.epub in Resources */ = {isa = PBXBuildFile; fileRef = AD1D42C218F35AC200EADCA6 /* Frank Chimero - The Shape of Design.epub */; };
		AD1D42D418F35AC200EADCA6 /* Hardy, Brian - Android Programming, The Big Nerd Ranch Guide.epub in Resources */ = {isa = PBXBuildFile; fileRef = AD1D42C318F35AC200EADCA6 /* Hardy, Brian - Android Programming, The Big Nerd Ranch Guide.epub */; };
		AD1D42D518F35AC200EADCA6 /* Holiday, Ryan - Growth Hacker Marketing, A Primer on the Future of PR, Marketing, and Advertising (APenguin Special from Portfolio).epub in Resources */ = {isa = PBXBuildFile; fileRef = AD1D42C418F35AC200EADCA6 /* Holiday, Ryan - Growth Hacker Marketing, A Primer on the Future of PR, Marketing, and Advertising (APenguin Special from Portfolio).epub */; };
		AD1D42D618F35AC200EADCA6 /* Jules Verne - Around the World in Eighty Days.epub in Resources */ = {isa = PBXBuildFile; fileRef = AD1D42C518F35AC200EADCA6 /* Jules Verne - Around the World in Eighty Days.epub */; };
		AD1D42D718F35AC200EADCA6 /* Khang Vo - Pro iOS Apps Performance Optimization.epub in Resources */ = {isa = PBXBuildFile; fileRef = AD1D42C618F35AC200EADCA6 /* Khang Vo - Pro iOS Apps Performance Optimization.epub */; };
		AD1D42D818F35AC200EADCA6 /* Kyle Loudon - Mastering Algorithms with C.epub in Resources */ = {isa = PBXBuildFile; fileRef = AD1D42C718F35AC200EADCA6 /* Kyle Loudon - Mastering Algorithms with C.epub */; };
		AD1D42D918F35AC200EADCA6 /* Marcin Treder - UX Design for Startups.epub in Resources */ = {isa = PBXBuildFile; fileRef = AD1D42C818F35AC200EADCA6 /* Marcin Treder - UX Design for Startups.epub */; };
		AD1D42DA18F35AC200EADCA6 /* Mattt Thompson - NSHipster - Obscure Topics in Cocoa & Objective C.pdf in Resources */ = {isa = PBXBuildFile; fileRef = AD1D42C918F35AC200EADCA6 /* Mattt Thompson - NSHipster - Obscure Topics in Cocoa & Objective C.pdf */; };
		AD1D42DB18F35AC200EADCA6 /* Sir Arthur Conan Doyle - The Adventures of Sherlock Holmes.epub in Resources */ = {isa = PBXBuildFile; fileRef = AD1D42CA18F35AC200EADCA6 /* Sir Arthur Conan Doyle - The Adventures of Sherlock Holmes.epub */; };
		AD1D42DC18F35AC200EADCA6 /* Steve Krug - Don't Make Me Think.epub in Resources */ = {isa = PBXBuildFile; fileRef = AD1D42CB18F35AC200EADCA6 /* Steve Krug - Don't Make Me Think.epub */; };
		AD1D42DD18F35AC200EADCA6 /* Steve S. Skiena - The Algorithm Design Manual.pdf in Resources */ = {isa = PBXBuildFile; fileRef = AD1D42CC18F35AC200EADCA6 /* Steve S. Skiena - The Algorithm Design Manual.pdf */; };
		AD1D42DE18F35AC200EADCA6 /* Sun Tzu - The Art of War.epub in Resources */ = {isa = PBXBuildFile; fileRef = AD1D42CD18F35AC200EADCA6 /* Sun Tzu - The Art of War.epub */; };
		AD1D42DF18F35AC200EADCA6 /* Unknown - Apress.Pro.Core.Data.for.iOS.Jan.epub in Resources */ = {isa = PBXBuildFile; fileRef = AD1D42CE18F35AC200EADCA6 /* Unknown - Apress.Pro.Core.Data.for.iOS.Jan.epub */; };
		AD1D42E018F35AC200EADCA6 /* Vogelstein, Fred - Dogfight, How Apple and Google Went to War and Started a Revolution.epub in Resources */ = {isa = PBXBuildFile; fileRef = AD1D42CF18F35AC200EADCA6 /* Vogelstein, Fred - Dogfight, How Apple and Google Went to War and Started a Revolution.epub */; };
		AD5BCA41190EFFB800CA1A36 /* Model.xcdatamodeld in Sources */ = {isa = PBXBuildFile; fileRef = AD5BCA3F190EFFB800CA1A36 /* Model.xcdatamodeld */; };
		AD5BCA47190F009E00CA1A36 /* Book.m in Sources */ = {isa = PBXBuildFile; fileRef = AD5BCA46190F009E00CA1A36 /* Book.m */; };
		AD5BCA4A190F01B900CA1A36 /* BookOperations.m in Sources */ = {isa = PBXBuildFile; fileRef = AD5BCA49190F01B900CA1A36 /* BookOperations.m */; };
		ADD8984E18FC9A330080D411 /* userStyle.css in Resources */ = {isa = PBXBuildFile; fileRef = ADD8984D18FC9A330080D411 /* userStyle.css */; };
/* End PBXBuildFile section */

/* Begin PBXContainerItemProxy section */
		C3DE13FDC0DD4BD58BC253CF /* PBXContainerItemProxy */ = {
			isa = PBXContainerItemProxy;
			containerPortal = F0AFA0214D27462FA74E7269 /* Project object */;
			proxyType = 1;
			remoteGlobalIDString = 1770A4B9905042A49EA72EE8;
			remoteInfo = Legible;
		};
/* End PBXContainerItemProxy section */

/* Begin PBXFileReference section */
		08068DFBAE2242BD94396D8A /* libPods-unit_tests.a */ = {isa = PBXFileReference; explicitFileType = archive.ar; includeInIndex = 0; path = "libPods-unit_tests.a"; sourceTree = BUILT_PRODUCTS_DIR; };
		3448C747F4874A9282744186 /* Foundation.framework */ = {isa = PBXFileReference; lastKnownFileType = wrapper.framework; name = Foundation.framework; path = Platforms/iPhoneOS.platform/Developer/SDKs/iPhoneOS7.0.sdk/System/Library/Frameworks/Foundation.framework; sourceTree = DEVELOPER_DIR; };
		529C3067509049E290A19782 /* Pods-unit_tests.xcconfig */ = {isa = PBXFileReference; includeInIndex = 1; lastKnownFileType = text.xcconfig; name = "Pods-unit_tests.xcconfig"; path = "Pods/Pods-unit_tests.xcconfig"; sourceTree = "<group>"; };
		5B0EFE81ACC94D94BC501F3F /* Pods.xcconfig */ = {isa = PBXFileReference; includeInIndex = 1; lastKnownFileType = text.xcconfig; name = Pods.xcconfig; path = Pods/Pods.xcconfig; sourceTree = "<group>"; };
		61D38EFE23D0470AA541DD17 /* Legible.app */ = {isa = PBXFileReference; explicitFileType = wrapper.application; includeInIndex = 0; path = Legible.app; sourceTree = BUILT_PRODUCTS_DIR; };
		922C3ECDC7E644D39B2AA0CD /* UnitTests-Prefix.pch */ = {isa = PBXFileReference; includeInIndex = 1; lastKnownFileType = sourcecode.c.h; path = "UnitTests-Prefix.pch"; sourceTree = "<group>"; };
		9F6775EBE9344211AE4DA59A /* libPods.a */ = {isa = PBXFileReference; explicitFileType = archive.ar; includeInIndex = 0; path = libPods.a; sourceTree = BUILT_PRODUCTS_DIR; };
		A2735D05CA504DA2889505EE /* UnitTests-Info.plist */ = {isa = PBXFileReference; includeInIndex = 1; lastKnownFileType = text.plist.xml; path = "UnitTests-Info.plist"; sourceTree = "<group>"; };
		A8006846039646548E17CD37 /* LEGAppDelegate.m */ = {isa = PBXFileReference; includeInIndex = 1; lastKnownFileType = sourcecode.c.objc; path = LEGAppDelegate.m; sourceTree = "<group>"; };
		AD1D429C18ECDBAB00EADCA6 /* Brad Stone - The Everything Store, Jeff Bezos and the Age of Amazon.epub */ = {isa = PBXFileReference; lastKnownFileType = file; path = "Brad Stone - The Everything Store, Jeff Bezos and the Age of Amazon.epub"; sourceTree = "<group>"; };
		AD1D429E18EDD02600EADCA6 /* LEGMainViewController.h */ = {isa = PBXFileReference; fileEncoding = 4; lastKnownFileType = sourcecode.c.h; path = LEGMainViewController.h; sourceTree = "<group>"; };
		AD1D429F18EDD02600EADCA6 /* LEGMainViewController.m */ = {isa = PBXFileReference; fileEncoding = 4; lastKnownFileType = sourcecode.c.objc; path = LEGMainViewController.m; sourceTree = "<group>"; };
		AD1D42A118EDD15A00EADCA6 /* LEGPageViewController.h */ = {isa = PBXFileReference; fileEncoding = 4; lastKnownFileType = sourcecode.c.h; path = LEGPageViewController.h; sourceTree = "<group>"; };
		AD1D42A218EDD15A00EADCA6 /* LEGPageViewController.m */ = {isa = PBXFileReference; fileEncoding = 4; lastKnownFileType = sourcecode.c.objc; path = LEGPageViewController.m; sourceTree = "<group>"; };
		AD1D42A418EE100700EADCA6 /* LEGEpubDataSource.h */ = {isa = PBXFileReference; fileEncoding = 4; lastKnownFileType = sourcecode.c.h; path = LEGEpubDataSource.h; sourceTree = "<group>"; };
		AD1D42A518EE100700EADCA6 /* LEGEpubDataSource.m */ = {isa = PBXFileReference; fileEncoding = 4; lastKnownFileType = sourcecode.c.objc; path = LEGEpubDataSource.m; sourceTree = "<group>"; };
		AD1D42A918EE116400EADCA6 /* Model.xcdatamodel */ = {isa = PBXFileReference; lastKnownFileType = wrapper.xcdatamodel; path = Model.xcdatamodel; sourceTree = "<group>"; };
		AD1D42B118EE399300EADCA6 /* LEGEpubContentPager.h */ = {isa = PBXFileReference; fileEncoding = 4; lastKnownFileType = sourcecode.c.h; path = LEGEpubContentPager.h; sourceTree = "<group>"; };
		AD1D42B218EE399300EADCA6 /* LEGEpubContentPager.m */ = {isa = PBXFileReference; fileEncoding = 4; lastKnownFileType = sourcecode.c.objc; path = LEGEpubContentPager.m; sourceTree = "<group>"; };
		AD1D42B418EF309100EADCA6 /* tolstoy-war-and-peace.epub */ = {isa = PBXFileReference; lastKnownFileType = file; path = "tolstoy-war-and-peace.epub"; sourceTree = "<group>"; };
		AD1D42B618EF385C00EADCA6 /* LEGEpubChapter.h */ = {isa = PBXFileReference; fileEncoding = 4; lastKnownFileType = sourcecode.c.h; path = LEGEpubChapter.h; sourceTree = "<group>"; };
		AD1D42B718EF385C00EADCA6 /* LEGEpubChapter.m */ = {isa = PBXFileReference; fileEncoding = 4; lastKnownFileType = sourcecode.c.objc; path = LEGEpubChapter.m; sourceTree = "<group>"; };
		AD1D42BC18EF6F2500EADCA6 /* LEGLibraryTableViewController.h */ = {isa = PBXFileReference; fileEncoding = 4; lastKnownFileType = sourcecode.c.h; path = LEGLibraryTableViewController.h; sourceTree = "<group>"; };
		AD1D42BD18EF6F2500EADCA6 /* LEGLibraryTableViewController.m */ = {isa = PBXFileReference; fileEncoding = 4; lastKnownFileType = sourcecode.c.objc; path = LEGLibraryTableViewController.m; sourceTree = "<group>"; };
		AD1D42BF18F35AC200EADCA6 /* Alexis Ohanian - Without Their Permission, How the 21st Century Will Be Made, Not Managed.epub */ = {isa = PBXFileReference; lastKnownFileType = file; path = "Alexis Ohanian - Without Their Permission, How the 21st Century Will Be Made, Not Managed.epub"; sourceTree = "<group>"; };
		AD1D42C018F35AC200EADCA6 /* Clive Thompson - Public Thinking (Adapted from Smarter Than You Think).epub */ = {isa = PBXFileReference; lastKnownFileType = file; path = "Clive Thompson - Public Thinking (Adapted from Smarter Than You Think).epub"; sourceTree = "<group>"; };
		AD1D42C118F35AC200EADCA6 /* Daniel H. Pink - Drive.epub */ = {isa = PBXFileReference; lastKnownFileType = file; path = "Daniel H. Pink - Drive.epub"; sourceTree = "<group>"; };
		AD1D42C218F35AC200EADCA6 /* Frank Chimero - The Shape of Design.epub */ = {isa = PBXFileReference; lastKnownFileType = file; path = "Frank Chimero - The Shape of Design.epub"; sourceTree = "<group>"; };
		AD1D42C318F35AC200EADCA6 /* Hardy, Brian - Android Programming, The Big Nerd Ranch Guide.epub */ = {isa = PBXFileReference; lastKnownFileType = file; path = "Hardy, Brian - Android Programming, The Big Nerd Ranch Guide.epub"; sourceTree = "<group>"; };
		AD1D42C418F35AC200EADCA6 /* Holiday, Ryan - Growth Hacker Marketing, A Primer on the Future of PR, Marketing, and Advertising (APenguin Special from Portfolio).epub */ = {isa = PBXFileReference; lastKnownFileType = file; path = "Holiday, Ryan - Growth Hacker Marketing, A Primer on the Future of PR, Marketing, and Advertising (APenguin Special from Portfolio).epub"; sourceTree = "<group>"; };
		AD1D42C518F35AC200EADCA6 /* Jules Verne - Around the World in Eighty Days.epub */ = {isa = PBXFileReference; lastKnownFileType = file; path = "Jules Verne - Around the World in Eighty Days.epub"; sourceTree = "<group>"; };
		AD1D42C618F35AC200EADCA6 /* Khang Vo - Pro iOS Apps Performance Optimization.epub */ = {isa = PBXFileReference; lastKnownFileType = file; path = "Khang Vo - Pro iOS Apps Performance Optimization.epub"; sourceTree = "<group>"; };
		AD1D42C718F35AC200EADCA6 /* Kyle Loudon - Mastering Algorithms with C.epub */ = {isa = PBXFileReference; lastKnownFileType = file; path = "Kyle Loudon - Mastering Algorithms with C.epub"; sourceTree = "<group>"; };
		AD1D42C818F35AC200EADCA6 /* Marcin Treder - UX Design for Startups.epub */ = {isa = PBXFileReference; lastKnownFileType = file; path = "Marcin Treder - UX Design for Startups.epub"; sourceTree = "<group>"; };
		AD1D42C918F35AC200EADCA6 /* Mattt Thompson - NSHipster - Obscure Topics in Cocoa & Objective C.pdf */ = {isa = PBXFileReference; lastKnownFileType = image.pdf; path = "Mattt Thompson - NSHipster - Obscure Topics in Cocoa & Objective C.pdf"; sourceTree = "<group>"; };
		AD1D42CA18F35AC200EADCA6 /* Sir Arthur Conan Doyle - The Adventures of Sherlock Holmes.epub */ = {isa = PBXFileReference; lastKnownFileType = file; path = "Sir Arthur Conan Doyle - The Adventures of Sherlock Holmes.epub"; sourceTree = "<group>"; };
		AD1D42CB18F35AC200EADCA6 /* Steve Krug - Don't Make Me Think.epub */ = {isa = PBXFileReference; lastKnownFileType = file; path = "Steve Krug - Don't Make Me Think.epub"; sourceTree = "<group>"; };
		AD1D42CC18F35AC200EADCA6 /* Steve S. Skiena - The Algorithm Design Manual.pdf */ = {isa = PBXFileReference; lastKnownFileType = image.pdf; path = "Steve S. Skiena - The Algorithm Design Manual.pdf"; sourceTree = "<group>"; };
		AD1D42CD18F35AC200EADCA6 /* Sun Tzu - The Art of War.epub */ = {isa = PBXFileReference; lastKnownFileType = file; path = "Sun Tzu - The Art of War.epub"; sourceTree = "<group>"; };
		AD1D42CE18F35AC200EADCA6 /* Unknown - Apress.Pro.Core.Data.for.iOS.Jan.epub */ = {isa = PBXFileReference; lastKnownFileType = file; path = "Unknown - Apress.Pro.Core.Data.for.iOS.Jan.epub"; sourceTree = "<group>"; };
		AD1D42CF18F35AC200EADCA6 /* Vogelstein, Fred - Dogfight, How Apple and Google Went to War and Started a Revolution.epub */ = {isa = PBXFileReference; lastKnownFileType = file; path = "Vogelstein, Fred - Dogfight, How Apple and Google Went to War and Started a Revolution.epub"; sourceTree = "<group>"; };
		AD5BCA40190EFFB800CA1A36 /* Model.xcdatamodel */ = {isa = PBXFileReference; lastKnownFileType = wrapper.xcdatamodel; path = Model.xcdatamodel; sourceTree = "<group>"; };
		AD5BCA45190F009E00CA1A36 /* Book.h */ = {isa = PBXFileReference; fileEncoding = 4; lastKnownFileType = sourcecode.c.h; path = Book.h; sourceTree = "<group>"; };
		AD5BCA46190F009E00CA1A36 /* Book.m */ = {isa = PBXFileReference; fileEncoding = 4; lastKnownFileType = sourcecode.c.objc; path = Book.m; sourceTree = "<group>"; };
		AD5BCA48190F01B900CA1A36 /* BookOperations.h */ = {isa = PBXFileReference; fileEncoding = 4; lastKnownFileType = sourcecode.c.h; path = BookOperations.h; sourceTree = "<group>"; };
		AD5BCA49190F01B900CA1A36 /* BookOperations.m */ = {isa = PBXFileReference; fileEncoding = 4; lastKnownFileType = sourcecode.c.objc; path = BookOperations.m; sourceTree = "<group>"; };
		ADD8984D18FC9A330080D411 /* userStyle.css */ = {isa = PBXFileReference; fileEncoding = 4; lastKnownFileType = text.css; path = userStyle.css; sourceTree = "<group>"; };
		C8E71C55987E49AA943A95C5 /* Legible-Prefix.pch */ = {isa = PBXFileReference; includeInIndex = 1; lastKnownFileType = sourcecode.c.h; path = "Legible-Prefix.pch"; sourceTree = "<group>"; };
		D40459F5761C4367A14ED92C /* LEGAppDelegate.h */ = {isa = PBXFileReference; includeInIndex = 1; lastKnownFileType = sourcecode.c.h; path = LEGAppDelegate.h; sourceTree = "<group>"; };
		D7BC8CE945154D1F81A18BCF /* Legible-Info.plist */ = {isa = PBXFileReference; includeInIndex = 1; lastKnownFileType = text.plist.xml; path = "Legible-Info.plist"; sourceTree = "<group>"; };
		D7DB405288754CE28F5B11B9 /* UnitTests.xctest */ = {isa = PBXFileReference; explicitFileType = wrapper.cfbundle; includeInIndex = 0; path = UnitTests.xctest; sourceTree = BUILT_PRODUCTS_DIR; };
		E3F0C3F3EEBB43658AED1638 /* Images.xcassets */ = {isa = PBXFileReference; includeInIndex = 1; lastKnownFileType = folder.assetcatalog; path = Images.xcassets; sourceTree = "<group>"; };
		F3DC6A9F8D8149D4A4BB08D5 /* main.m */ = {isa = PBXFileReference; includeInIndex = 1; lastKnownFileType = sourcecode.c.objc; path = main.m; sourceTree = "<group>"; };
/* End PBXFileReference section */

/* Begin PBXFrameworksBuildPhase section */
		1BB409D5C2BA42D9908B8C8A /* Frameworks */ = {
			isa = PBXFrameworksBuildPhase;
			buildActionMask = 2147483647;
			files = (
				4BEA287464C9455FA505173C /* libPods-unit_tests.a in Frameworks */,
			);
			runOnlyForDeploymentPostprocessing = 0;
		};
		6730A08B32A043E3B5AB36C5 /* Frameworks */ = {
			isa = PBXFrameworksBuildPhase;
			buildActionMask = 2147483647;
			files = (
				277083C4A62D4D6BA7E8A79B /* Foundation.framework in Frameworks */,
				7CE81026CB634F2997C76B87 /* libPods.a in Frameworks */,
			);
			runOnlyForDeploymentPostprocessing = 0;
		};
/* End PBXFrameworksBuildPhase section */

/* Begin PBXGroup section */
		06D6F624A2474008AAF23395 /* Legible */ = {
			isa = PBXGroup;
			children = (
				981890F46AAD46BDB2CF67EB /* Categories */,
				7349ADEB73F44297BB895BB7 /* Classes */,
				D84E36C9A8A54A2E9077C48E /* Constants */,
				9DE32C13D0914FFFAEB49A67 /* Resources */,
			);
			path = Legible;
			sourceTree = "<group>";
		};
		0BC35F5FE71E4DC79649AF74 /* Models */ = {
			isa = PBXGroup;
			children = (
				AD1D42B618EF385C00EADCA6 /* LEGEpubChapter.h */,
				AD1D42B718EF385C00EADCA6 /* LEGEpubChapter.m */,
			);
			path = Models;
			sourceTree = "<group>";
		};
		12AFD429368A4989A66AD193 /* iOS */ = {
			isa = PBXGroup;
			children = (
				3448C747F4874A9282744186 /* Foundation.framework */,
			);
			name = iOS;
			sourceTree = "<group>";
		};
		15C872F4671D4B5E8DEC7F3B /* Frameworks */ = {
			isa = PBXGroup;
			children = (
				12AFD429368A4989A66AD193 /* iOS */,
				08068DFBAE2242BD94396D8A /* libPods-unit_tests.a */,
				9F6775EBE9344211AE4DA59A /* libPods.a */,
			);
			name = Frameworks;
			sourceTree = "<group>";
		};
		1746632051DF400A9007F630 /* Nibs */ = {
			isa = PBXGroup;
			children = (
			);
			path = Nibs;
			sourceTree = "<group>";
		};
		2B0BDD25AE1D4C82ADBC6139 /* Other-Sources */ = {
			isa = PBXGroup;
			children = (
				D7BC8CE945154D1F81A18BCF /* Legible-Info.plist */,
				C8E71C55987E49AA943A95C5 /* Legible-Prefix.pch */,
				F3DC6A9F8D8149D4A4BB08D5 /* main.m */,
			);
			path = "Other-Sources";
			sourceTree = "<group>";
		};
		381B0B1E07114F13A9854644 /* Views */ = {
			isa = PBXGroup;
			children = (
			);
			path = Views;
			sourceTree = "<group>";
		};
		3BA3C034139543268FA243FA /* Controllers */ = {
			isa = PBXGroup;
			children = (
			);
			path = Controllers;
			sourceTree = "<group>";
		};
		3C915A5C80CB46A2911E9728 /* Tests */ = {
			isa = PBXGroup;
			children = (
			);
			path = Tests;
			sourceTree = "<group>";
		};
		41745037089642B7B8A946ED /* DataSources */ = {
			isa = PBXGroup;
			children = (
				AD5BCA3E190EFFA800CA1A36 /* Core Data */,
				AD1D42B118EE399300EADCA6 /* LEGEpubContentPager.h */,
				AD1D42B218EE399300EADCA6 /* LEGEpubContentPager.m */,
				AD1D42A418EE100700EADCA6 /* LEGEpubDataSource.h */,
				AD1D42A518EE100700EADCA6 /* LEGEpubDataSource.m */,
			);
			path = DataSources;
			sourceTree = "<group>";
		};
		57867EE93303458583AD86C9 /* UnitTests */ = {
			isa = PBXGroup;
			children = (
				5BC92E55533D4541A23D3A3E /* Resources */,
				3C915A5C80CB46A2911E9728 /* Tests */,
			);
			path = UnitTests;
			sourceTree = "<group>";
		};
		596B4E9EF1674577BD9EF4FD /* Delegates */ = {
			isa = PBXGroup;
			children = (
				D40459F5761C4367A14ED92C /* LEGAppDelegate.h */,
				A8006846039646548E17CD37 /* LEGAppDelegate.m */,
			);
			path = Delegates;
			sourceTree = "<group>";
		};
		5BC92E55533D4541A23D3A3E /* Resources */ = {
			isa = PBXGroup;
			children = (
				A2735D05CA504DA2889505EE /* UnitTests-Info.plist */,
				922C3ECDC7E644D39B2AA0CD /* UnitTests-Prefix.pch */,
			);
			path = Resources;
			sourceTree = "<group>";
		};
		668B25382EE3444B9585C683 /* Products */ = {
			isa = PBXGroup;
			children = (
				61D38EFE23D0470AA541DD17 /* Legible.app */,
				D7DB405288754CE28F5B11B9 /* UnitTests.xctest */,
			);
			name = Products;
			sourceTree = "<group>";
		};
		7349ADEB73F44297BB895BB7 /* Classes */ = {
			isa = PBXGroup;
			children = (
				3BA3C034139543268FA243FA /* Controllers */,
				41745037089642B7B8A946ED /* DataSources */,
				596B4E9EF1674577BD9EF4FD /* Delegates */,
				0BC35F5FE71E4DC79649AF74 /* Models */,
				CB8FA19D5E0849798909FD4F /* ViewControllers */,
				381B0B1E07114F13A9854644 /* Views */,
			);
			path = Classes;
			sourceTree = "<group>";
		};
		7B05CB7259214BDCB1B9FAFE = {
			isa = PBXGroup;
			children = (
				06D6F624A2474008AAF23395 /* Legible */,
				57867EE93303458583AD86C9 /* UnitTests */,
				15C872F4671D4B5E8DEC7F3B /* Frameworks */,
				668B25382EE3444B9585C683 /* Products */,
				529C3067509049E290A19782 /* Pods-unit_tests.xcconfig */,
				5B0EFE81ACC94D94BC501F3F /* Pods.xcconfig */,
			);
			indentWidth = 4;
			sourceTree = "<group>";
			tabWidth = 4;
			usesTabs = 0;
		};
		981890F46AAD46BDB2CF67EB /* Categories */ = {
			isa = PBXGroup;
			children = (
			);
			path = Categories;
			sourceTree = "<group>";
		};
		9DE32C13D0914FFFAEB49A67 /* Resources */ = {
			isa = PBXGroup;
			children = (
				ADD8984D18FC9A330080D411 /* userStyle.css */,
				AD1D42A718EE114500EADCA6 /* Core Data */,
				AD1D429C18ECDBAB00EADCA6 /* Brad Stone - The Everything Store, Jeff Bezos and the Age of Amazon.epub */,
				AD1D42B418EF309100EADCA6 /* tolstoy-war-and-peace.epub */,
				AD1D42BF18F35AC200EADCA6 /* Alexis Ohanian - Without Their Permission, How the 21st Century Will Be Made, Not Managed.epub */,
				AD1D42C018F35AC200EADCA6 /* Clive Thompson - Public Thinking (Adapted from Smarter Than You Think).epub */,
				AD1D42C118F35AC200EADCA6 /* Daniel H. Pink - Drive.epub */,
				AD1D42C218F35AC200EADCA6 /* Frank Chimero - The Shape of Design.epub */,
				AD1D42C318F35AC200EADCA6 /* Hardy, Brian - Android Programming, The Big Nerd Ranch Guide.epub */,
				AD1D42C418F35AC200EADCA6 /* Holiday, Ryan - Growth Hacker Marketing, A Primer on the Future of PR, Marketing, and Advertising (APenguin Special from Portfolio).epub */,
				AD1D42C518F35AC200EADCA6 /* Jules Verne - Around the World in Eighty Days.epub */,
				AD1D42C618F35AC200EADCA6 /* Khang Vo - Pro iOS Apps Performance Optimization.epub */,
				AD1D42C718F35AC200EADCA6 /* Kyle Loudon - Mastering Algorithms with C.epub */,
				AD1D42C818F35AC200EADCA6 /* Marcin Treder - UX Design for Startups.epub */,
				AD1D42C918F35AC200EADCA6 /* Mattt Thompson - NSHipster - Obscure Topics in Cocoa & Objective C.pdf */,
				AD1D42CA18F35AC200EADCA6 /* Sir Arthur Conan Doyle - The Adventures of Sherlock Holmes.epub */,
				AD1D42CB18F35AC200EADCA6 /* Steve Krug - Don't Make Me Think.epub */,
				AD1D42CC18F35AC200EADCA6 /* Steve S. Skiena - The Algorithm Design Manual.pdf */,
				AD1D42CD18F35AC200EADCA6 /* Sun Tzu - The Art of War.epub */,
				AD1D42CE18F35AC200EADCA6 /* Unknown - Apress.Pro.Core.Data.for.iOS.Jan.epub */,
				AD1D42CF18F35AC200EADCA6 /* Vogelstein, Fred - Dogfight, How Apple and Google Went to War and Started a Revolution.epub */,
				E3F0C3F3EEBB43658AED1638 /* Images.xcassets */,
				E4B5654CABBB41C6AB93E12D /* Storyboards */,
				1746632051DF400A9007F630 /* Nibs */,
				2B0BDD25AE1D4C82ADBC6139 /* Other-Sources */,
			);
			path = Resources;
			sourceTree = "<group>";
		};
		AD1D42A718EE114500EADCA6 /* Core Data */ = {
			isa = PBXGroup;
			children = (
				AD1D42A818EE116400EADCA6 /* Model.xcdatamodeld */,
			);
			name = "Core Data";
			sourceTree = "<group>";
		};
		AD5BCA3E190EFFA800CA1A36 /* Core Data */ = {
			isa = PBXGroup;
			children = (
				AD5BCA45190F009E00CA1A36 /* Book.h */,
				AD5BCA46190F009E00CA1A36 /* Book.m */,
				AD5BCA3F190EFFB800CA1A36 /* Model.xcdatamodeld */,
				AD5BCA48190F01B900CA1A36 /* BookOperations.h */,
				AD5BCA49190F01B900CA1A36 /* BookOperations.m */,
			);
			path = "Core Data";
			sourceTree = "<group>";
		};
		CB8FA19D5E0849798909FD4F /* ViewControllers */ = {
			isa = PBXGroup;
			children = (
				AD1D429E18EDD02600EADCA6 /* LEGMainViewController.h */,
				AD1D429F18EDD02600EADCA6 /* LEGMainViewController.m */,
				AD1D42A118EDD15A00EADCA6 /* LEGPageViewController.h */,
				AD1D42A218EDD15A00EADCA6 /* LEGPageViewController.m */,
				AD1D42BC18EF6F2500EADCA6 /* LEGLibraryTableViewController.h */,
				AD1D42BD18EF6F2500EADCA6 /* LEGLibraryTableViewController.m */,
			);
			path = ViewControllers;
			sourceTree = "<group>";
		};
		D84E36C9A8A54A2E9077C48E /* Constants */ = {
			isa = PBXGroup;
			children = (
			);
			path = Constants;
			sourceTree = "<group>";
		};
		E4B5654CABBB41C6AB93E12D /* Storyboards */ = {
			isa = PBXGroup;
			children = (
			);
			path = Storyboards;
			sourceTree = "<group>";
		};
/* End PBXGroup section */

/* Begin PBXNativeTarget section */
		1770A4B9905042A49EA72EE8 /* Legible */ = {
			isa = PBXNativeTarget;
			buildConfigurationList = 1331883583A74BF8B522B17C /* Build configuration list for PBXNativeTarget "Legible" */;
			buildPhases = (
				DB7355F2D2524E36A1280B91 /* Check Pods Manifest.lock */,
				C64C72F460A649AA9DA91A5F /* Sources */,
				6730A08B32A043E3B5AB36C5 /* Frameworks */,
				E5B1D839498B46C28B1906E0 /* Resources */,
				1E4D6D5C349B425ABA400B34 /* Warn for TODO and FIXME comments */,
				D6CC4A3C0E1E46EC8E926ECC /* Copy Pods Resources */,
			);
			buildRules = (
			);
			dependencies = (
			);
			name = Legible;
			productName = Legible;
			productReference = 61D38EFE23D0470AA541DD17 /* Legible.app */;
			productType = "com.apple.product-type.application";
		};
		A7B3DE376E8946498C40155E /* UnitTests */ = {
			isa = PBXNativeTarget;
			buildConfigurationList = 0AA42B37C0944B1BBCCF0650 /* Build configuration list for PBXNativeTarget "UnitTests" */;
			buildPhases = (
				BB72E55DB1A5498ABD5EF5D1 /* Check Pods Manifest.lock */,
				0D5FD3CFF67545099D186464 /* Sources */,
				1BB409D5C2BA42D9908B8C8A /* Frameworks */,
				756F9BD3CBBB4F71A7F6D0CF /* Resources */,
				FC67DAC146984F13BD588C04 /* Copy Pods Resources */,
			);
			buildRules = (
			);
			dependencies = (
				6764EE039F1A45A8BF955877 /* PBXTargetDependency */,
			);
			name = UnitTests;
			productName = UnitTests;
			productReference = D7DB405288754CE28F5B11B9 /* UnitTests.xctest */;
			productType = "com.apple.product-type.bundle.unit-test";
		};
/* End PBXNativeTarget section */

/* Begin PBXProject section */
		F0AFA0214D27462FA74E7269 /* Project object */ = {
			isa = PBXProject;
			attributes = {
				CLASSPREFIX = LEG;
				LastUpgradeCheck = 0500;
				ORGANIZATIONNAME = truman;
			};
			buildConfigurationList = 9A35B4AB6A6940A8A9796E5F /* Build configuration list for PBXProject "Legible" */;
			compatibilityVersion = "Xcode 3.2";
			developmentRegion = English;
			hasScannedForEncodings = 0;
			knownRegions = (
				en,
			);
			mainGroup = 7B05CB7259214BDCB1B9FAFE;
			productRefGroup = 668B25382EE3444B9585C683 /* Products */;
			projectDirPath = "";
			projectRoot = "";
			targets = (
				1770A4B9905042A49EA72EE8 /* Legible */,
				A7B3DE376E8946498C40155E /* UnitTests */,
			);
		};
/* End PBXProject section */

/* Begin PBXResourcesBuildPhase section */
		756F9BD3CBBB4F71A7F6D0CF /* Resources */ = {
			isa = PBXResourcesBuildPhase;
			buildActionMask = 2147483647;
			files = (
			);
			runOnlyForDeploymentPostprocessing = 0;
		};
		E5B1D839498B46C28B1906E0 /* Resources */ = {
			isa = PBXResourcesBuildPhase;
			buildActionMask = 2147483647;
			files = (
				699BFC95CE6D475784108ED3 /* Images.xcassets in Resources */,
				AD1D42D318F35AC200EADCA6 /* Frank Chimero - The Shape of Design.epub in Resources */,
				AD1D42D418F35AC200EADCA6 /* Hardy, Brian - Android Programming, The Big Nerd Ranch Guide.epub in Resources */,
				AD1D42D918F35AC200EADCA6 /* Marcin Treder - UX Design for Startups.epub in Resources */,
				AD1D42D518F35AC200EADCA6 /* Holiday, Ryan - Growth Hacker Marketing, A Primer on the Future of PR, Marketing, and Advertising (APenguin Special from Portfolio).epub in Resources */,
				AD1D42D218F35AC200EADCA6 /* Daniel H. Pink - Drive.epub in Resources */,
				ADD8984E18FC9A330080D411 /* userStyle.css in Resources */,
				AD1D42DC18F35AC200EADCA6 /* Steve Krug - Don't Make Me Think.epub in Resources */,
				AD1D42DF18F35AC200EADCA6 /* Unknown - Apress.Pro.Core.Data.for.iOS.Jan.epub in Resources */,
				AD1D42D018F35AC200EADCA6 /* Alexis Ohanian - Without Their Permission, How the 21st Century Will Be Made, Not Managed.epub in Resources */,
				AD1D42D818F35AC200EADCA6 /* Kyle Loudon - Mastering Algorithms with C.epub in Resources */,
				AD1D42DD18F35AC200EADCA6 /* Steve S. Skiena - The Algorithm Design Manual.pdf in Resources */,
				AD1D42D718F35AC200EADCA6 /* Khang Vo - Pro iOS Apps Performance Optimization.epub in Resources */,
				AD1D429D18ECDC8200EADCA6 /* Brad Stone - The Everything Store, Jeff Bezos and the Age of Amazon.epub in Resources */,
				AD1D42DB18F35AC200EADCA6 /* Sir Arthur Conan Doyle - The Adventures of Sherlock Holmes.epub in Resources */,
				AD1D42D118F35AC200EADCA6 /* Clive Thompson - Public Thinking (Adapted from Smarter Than You Think).epub in Resources */,
				AD1D42D618F35AC200EADCA6 /* Jules Verne - Around the World in Eighty Days.epub in Resources */,
				AD1D42E018F35AC200EADCA6 /* Vogelstein, Fred - Dogfight, How Apple and Google Went to War and Started a Revolution.epub in Resources */,
				AD1D42B518EF309100EADCA6 /* tolstoy-war-and-peace.epub in Resources */,
				AD1D42DE18F35AC200EADCA6 /* Sun Tzu - The Art of War.epub in Resources */,
				AD1D42DA18F35AC200EADCA6 /* Mattt Thompson - NSHipster - Obscure Topics in Cocoa & Objective C.pdf in Resources */,
			);
			runOnlyForDeploymentPostprocessing = 0;
		};
/* End PBXResourcesBuildPhase section */

/* Begin PBXShellScriptBuildPhase section */
		1E4D6D5C349B425ABA400B34 /* Warn for TODO and FIXME comments */ = {
			isa = PBXShellScriptBuildPhase;
			buildActionMask = 2147483647;
			files = (
			);
			inputPaths = (
			);
			name = "Warn for TODO and FIXME comments";
			outputPaths = (
			);
			runOnlyForDeploymentPostprocessing = 0;
			shellPath = /bin/sh;
			shellScript = "KEYWORDS=\"TODO:|FIXME:|\\?\\?\\?:|\\!\\!\\!:\"\nFILE_EXTENSIONS=\"h|m|mm|c|cpp\"\nfind -E \"${SRCROOT}\" -ipath \"${SRCROOT}/pods\" -prune -o \\( -regex \".*\\.($FILE_EXTENSIONS)$\" \\) -print0 | xargs -0 egrep --with-filename --line-number --only-matching \"($KEYWORDS).*\\$\" | perl -p -e \"s/($KEYWORDS)/ warning: \\$1/\"\n";
		};
		BB72E55DB1A5498ABD5EF5D1 /* Check Pods Manifest.lock */ = {
			isa = PBXShellScriptBuildPhase;
			buildActionMask = 2147483647;
			files = (
			);
			inputPaths = (
			);
			name = "Check Pods Manifest.lock";
			outputPaths = (
			);
			runOnlyForDeploymentPostprocessing = 0;
			shellPath = /bin/sh;
			shellScript = "diff \"${PODS_ROOT}/../Podfile.lock\" \"${PODS_ROOT}/Manifest.lock\" > /dev/null\nif [[ $? != 0 ]] ; then\n    cat << EOM\nerror: The sandbox is not in sync with the Podfile.lock. Run 'pod install' or update your CocoaPods installation.\nEOM\n    exit 1\nfi\n";
			showEnvVarsInLog = 0;
		};
		D6CC4A3C0E1E46EC8E926ECC /* Copy Pods Resources */ = {
			isa = PBXShellScriptBuildPhase;
			buildActionMask = 2147483647;
			files = (
			);
			inputPaths = (
			);
			name = "Copy Pods Resources";
			outputPaths = (
			);
			runOnlyForDeploymentPostprocessing = 0;
			shellPath = /bin/sh;
			shellScript = "\"${SRCROOT}/Pods/Pods-resources.sh\"\n";
			showEnvVarsInLog = 0;
		};
		DB7355F2D2524E36A1280B91 /* Check Pods Manifest.lock */ = {
			isa = PBXShellScriptBuildPhase;
			buildActionMask = 2147483647;
			files = (
			);
			inputPaths = (
			);
			name = "Check Pods Manifest.lock";
			outputPaths = (
			);
			runOnlyForDeploymentPostprocessing = 0;
			shellPath = /bin/sh;
			shellScript = "diff \"${PODS_ROOT}/../Podfile.lock\" \"${PODS_ROOT}/Manifest.lock\" > /dev/null\nif [[ $? != 0 ]] ; then\n    cat << EOM\nerror: The sandbox is not in sync with the Podfile.lock. Run 'pod install' or update your CocoaPods installation.\nEOM\n    exit 1\nfi\n";
			showEnvVarsInLog = 0;
		};
		FC67DAC146984F13BD588C04 /* Copy Pods Resources */ = {
			isa = PBXShellScriptBuildPhase;
			buildActionMask = 2147483647;
			files = (
			);
			inputPaths = (
			);
			name = "Copy Pods Resources";
			outputPaths = (
			);
			runOnlyForDeploymentPostprocessing = 0;
			shellPath = /bin/sh;
			shellScript = "\"${SRCROOT}/Pods/Pods-unit_tests-resources.sh\"\n";
			showEnvVarsInLog = 0;
		};
/* End PBXShellScriptBuildPhase section */

/* Begin PBXSourcesBuildPhase section */
		0D5FD3CFF67545099D186464 /* Sources */ = {
			isa = PBXSourcesBuildPhase;
			buildActionMask = 2147483647;
			files = (
			);
			runOnlyForDeploymentPostprocessing = 0;
		};
		C64C72F460A649AA9DA91A5F /* Sources */ = {
			isa = PBXSourcesBuildPhase;
			buildActionMask = 2147483647;
			files = (
				AD1D42A618EE100700EADCA6 /* LEGEpubDataSource.m in Sources */,
				AD1D42BE18EF6F2500EADCA6 /* LEGLibraryTableViewController.m in Sources */,
				99A671595652453691C40955 /* LEGAppDelegate.m in Sources */,
				AD1D42A018EDD02600EADCA6 /* LEGMainViewController.m in Sources */,
				AD5BCA47190F009E00CA1A36 /* Book.m in Sources */,
				AD1D42A318EDD15A00EADCA6 /* LEGPageViewController.m in Sources */,
				AD5BCA4A190F01B900CA1A36 /* BookOperations.m in Sources */,
				5725CA73579B4337897A4BCF /* main.m in Sources */,
				AD5BCA41190EFFB800CA1A36 /* Model.xcdatamodeld in Sources */,
				AD1D42B818EF385C00EADCA6 /* LEGEpubChapter.m in Sources */,
				AD1D42B318EE399300EADCA6 /* LEGEpubContentPager.m in Sources */,
			);
			runOnlyForDeploymentPostprocessing = 0;
		};
/* End PBXSourcesBuildPhase section */

/* Begin PBXTargetDependency section */
		6764EE039F1A45A8BF955877 /* PBXTargetDependency */ = {
			isa = PBXTargetDependency;
			target = 1770A4B9905042A49EA72EE8 /* Legible */;
			targetProxy = C3DE13FDC0DD4BD58BC253CF /* PBXContainerItemProxy */;
		};
/* End PBXTargetDependency section */

/* Begin XCBuildConfiguration section */
		068C8EA6B6244ABB866B53E9 /* Debug */ = {
			isa = XCBuildConfiguration;
			baseConfigurationReference = 529C3067509049E290A19782 /* Pods-unit_tests.xcconfig */;
			buildSettings = {
				BUNDLE_LOADER = "$(BUILT_PRODUCTS_DIR)/Legible.app/Legible";
				FRAMEWORK_SEARCH_PATHS = (
					"$(SDKROOT)/Developer/Library/Frameworks",
					"$(inherited)",
					"$(DEVELOPER_FRAMEWORKS_DIR)",
				);
				GCC_PREFIX_HEADER = "UnitTests/Resources/UnitTests-Prefix.pch";
				INFOPLIST_FILE = "UnitTests/Resources/UnitTests-Info.plist";
				PRODUCT_NAME = "$(TARGET_NAME)";
				SDKROOT = iphoneos;
				SKIP_INSTALL = YES;
				TEST_HOST = "$(BUNDLE_LOADER)";
				WRAPPER_EXTENSION = xctest;
			};
			name = Debug;
		};
		60A9A3117B3543B0BBEF9BD3 /* Debug */ = {
			isa = XCBuildConfiguration;
			baseConfigurationReference = 5B0EFE81ACC94D94BC501F3F /* Pods.xcconfig */;
			buildSettings = {
				ALWAYS_SEARCH_USER_PATHS = NO;
				COPY_PHASE_STRIP = NO;
				DSTROOT = /tmp/xcodeproj.dst;
				GCC_C_LANGUAGE_STANDARD = gnu99;
				GCC_DYNAMIC_NO_PIC = NO;
				GCC_OPTIMIZATION_LEVEL = 0;
				GCC_PRECOMPILE_PREFIX_HEADER = YES;
				GCC_PREFIX_HEADER = "Legible/Resources/Other-Sources/Legible-Prefix.pch";
				GCC_PREPROCESSOR_DEFINITIONS = (
					"DEBUG=1",
					"$(inherited)",
				);
				GCC_SYMBOLS_PRIVATE_EXTERN = NO;
				GCC_VERSION = com.apple.compilers.llvm.clang.1_0;
				INFOPLIST_FILE = "Legible/Resources/Other-Sources/Legible-Info.plist";
				INSTALL_PATH = "$(BUILT_PRODUCTS_DIR)";
				IPHONEOS_DEPLOYMENT_TARGET = 7.0;
				OTHER_LDFLAGS = (
					"-ObjC",
					"-lxml2",
					"-lz",
					"-framework",
					CoreData,
					"-framework",
					CoreGraphics,
					"-framework",
					CoreText,
					"-framework",
					Foundation,
					"-framework",
					ImageIO,
					"-framework",
					MediaPlayer,
					"-framework",
					QuartzCore,
				);
				PRODUCT_NAME = "$(TARGET_NAME)";
				PUBLIC_HEADERS_FOLDER_PATH = "$(TARGET_NAME)";
				SDKROOT = iphoneos;
				SKIP_INSTALL = YES;
			};
			name = Debug;
		};
		6FDA8C36AEA646F39BA91333 /* Release */ = {
			isa = XCBuildConfiguration;
			baseConfigurationReference = 5B0EFE81ACC94D94BC501F3F /* Pods.xcconfig */;
			buildSettings = {
				ALWAYS_SEARCH_USER_PATHS = NO;
				COPY_PHASE_STRIP = YES;
				DSTROOT = /tmp/xcodeproj.dst;
				GCC_C_LANGUAGE_STANDARD = gnu99;
				GCC_PRECOMPILE_PREFIX_HEADER = YES;
				GCC_PREFIX_HEADER = "Legible/Resources/Other-Sources/Legible-Prefix.pch";
				GCC_TREAT_WARNINGS_AS_ERRORS = YES;
				GCC_VERSION = com.apple.compilers.llvm.clang.1_0;
				INFOPLIST_FILE = "Legible/Resources/Other-Sources/Legible-Info.plist";
				INSTALL_PATH = "$(BUILT_PRODUCTS_DIR)";
				IPHONEOS_DEPLOYMENT_TARGET = 7.0;
				OTHER_CFLAGS = (
					"-DNS_BLOCK_ASSERTIONS=1",
					"$(inherited)",
				);
				OTHER_CPLUSPLUSFLAGS = (
					"-DNS_BLOCK_ASSERTIONS=1",
					"$(inherited)",
				);
				OTHER_LDFLAGS = (
					"-ObjC",
					"-lxml2",
					"-lz",
					"-framework",
					CoreData,
					"-framework",
					CoreGraphics,
					"-framework",
					CoreText,
					"-framework",
					Foundation,
					"-framework",
					ImageIO,
					"-framework",
					MediaPlayer,
					"-framework",
					QuartzCore,
				);
				PRODUCT_NAME = "$(TARGET_NAME)";
				PUBLIC_HEADERS_FOLDER_PATH = "$(TARGET_NAME)";
				SDKROOT = iphoneos;
				SKIP_INSTALL = YES;
				VALIDATE_PRODUCT = YES;
			};
			name = Release;
		};
		B4AC3AE8294F41928E03BE9B /* Release */ = {
			isa = XCBuildConfiguration;
			baseConfigurationReference = 529C3067509049E290A19782 /* Pods-unit_tests.xcconfig */;
			buildSettings = {
				BUNDLE_LOADER = "$(BUILT_PRODUCTS_DIR)/Legible.app/Legible";
				FRAMEWORK_SEARCH_PATHS = (
					"$(SDKROOT)/Developer/Library/Frameworks",
					"$(inherited)",
					"$(DEVELOPER_FRAMEWORKS_DIR)",
				);
				GCC_PREFIX_HEADER = "UnitTests/Resources/UnitTests-Prefix.pch";
				INFOPLIST_FILE = "UnitTests/Resources/UnitTests-Info.plist";
				PRODUCT_NAME = "$(TARGET_NAME)";
				SDKROOT = iphoneos;
				SKIP_INSTALL = YES;
				TEST_HOST = "$(BUNDLE_LOADER)";
				WRAPPER_EXTENSION = xctest;
			};
			name = Release;
		};
		CE6A13DE6CE445D79E96ED7A /* Debug */ = {
			isa = XCBuildConfiguration;
			buildSettings = {
				ALWAYS_SEARCH_USER_PATHS = NO;
				ASSETCATALOG_COMPILER_APPICON_NAME = AppIcon;
				ASSETCATALOG_COMPILER_LAUNCHIMAGE_NAME = LaunchImage;
				CLANG_CXX_LANGUAGE_STANDARD = "gnu++0x";
				CLANG_CXX_LIBRARY = "libc++";
				CLANG_ENABLE_MODULES = YES;
				CLANG_ENABLE_OBJC_ARC = YES;
				CLANG_WARN_BOOL_CONVERSION = YES;
				CLANG_WARN_CONSTANT_CONVERSION = YES;
				CLANG_WARN_DEPRECATED_OBJC_IMPLEMENTATIONS = YES;
				CLANG_WARN_DIRECT_OBJC_ISA_USAGE = YES_ERROR;
				CLANG_WARN_EMPTY_BODY = YES;
				CLANG_WARN_ENUM_CONVERSION = YES;
				CLANG_WARN_INT_CONVERSION = YES;
				CLANG_WARN_OBJC_IMPLICIT_RETAIN_SELF = YES;
				CLANG_WARN_OBJC_ROOT_CLASS = YES_ERROR;
				"CODE_SIGN_IDENTITY[sdk=iphoneos*]" = "iPhone Developer";
				COPY_PHASE_STRIP = YES;
				GCC_C_LANGUAGE_STANDARD = gnu99;
				GCC_DYNAMIC_NO_PIC = NO;
				GCC_OPTIMIZATION_LEVEL = 0;
				GCC_PREPROCESSOR_DEFINITIONS = (
					"DEBUG=1",
					"$(inherited)",
				);
				GCC_SYMBOLS_PRIVATE_EXTERN = NO;
				GCC_WARN_64_TO_32_BIT_CONVERSION = YES;
				GCC_WARN_ABOUT_MISSING_FIELD_INITIALIZERS = YES;
				GCC_WARN_ABOUT_MISSING_NEWLINE = YES;
				GCC_WARN_ABOUT_RETURN_TYPE = YES;
				GCC_WARN_CHECK_SWITCH_STATEMENTS = YES;
				GCC_WARN_INITIALIZER_NOT_FULLY_BRACKETED = YES;
				GCC_WARN_MISSING_PARENTHESES = YES;
				GCC_WARN_SHADOW = YES;
				GCC_WARN_SIGN_COMPARE = YES;
				GCC_WARN_TYPECHECK_CALLS_TO_PRINTF = YES;
				GCC_WARN_UNDECLARED_SELECTOR = YES;
				GCC_WARN_UNINITIALIZED_AUTOS = YES;
				GCC_WARN_UNUSED_FUNCTION = YES;
				GCC_WARN_UNUSED_LABEL = YES;
				GCC_WARN_UNUSED_VALUE = YES;
				GCC_WARN_UNUSED_VARIABLE = YES;
				ONLY_ACTIVE_ARCH = YES;
				SDKROOT = iphoneos;
			};
			name = Debug;
		};
		D7E35C90A505466B89B9CF2D /* Release */ = {
			isa = XCBuildConfiguration;
			buildSettings = {
				ALWAYS_SEARCH_USER_PATHS = NO;
				ASSETCATALOG_COMPILER_APPICON_NAME = AppIcon;
				ASSETCATALOG_COMPILER_LAUNCHIMAGE_NAME = LaunchImage;
				CLANG_CXX_LANGUAGE_STANDARD = "gnu++0x";
				CLANG_CXX_LIBRARY = "libc++";
				CLANG_ENABLE_MODULES = YES;
				CLANG_ENABLE_OBJC_ARC = YES;
				CLANG_WARN_BOOL_CONVERSION = YES;
				CLANG_WARN_CONSTANT_CONVERSION = YES;
				CLANG_WARN_DEPRECATED_OBJC_IMPLEMENTATIONS = YES;
				CLANG_WARN_DIRECT_OBJC_ISA_USAGE = YES_ERROR;
				CLANG_WARN_EMPTY_BODY = YES;
				CLANG_WARN_ENUM_CONVERSION = YES;
				CLANG_WARN_INT_CONVERSION = YES;
				CLANG_WARN_OBJC_IMPLICIT_RETAIN_SELF = YES;
				CLANG_WARN_OBJC_ROOT_CLASS = YES_ERROR;
				"CODE_SIGN_IDENTITY[sdk=iphoneos*]" = "iPhone Developer";
				COPY_PHASE_STRIP = NO;
				ENABLE_NS_ASSERTIONS = NO;
				GCC_C_LANGUAGE_STANDARD = gnu99;
				GCC_WARN_64_TO_32_BIT_CONVERSION = YES;
				GCC_WARN_ABOUT_MISSING_FIELD_INITIALIZERS = YES;
				GCC_WARN_ABOUT_MISSING_NEWLINE = YES;
				GCC_WARN_ABOUT_RETURN_TYPE = YES;
				GCC_WARN_CHECK_SWITCH_STATEMENTS = YES;
				GCC_WARN_INITIALIZER_NOT_FULLY_BRACKETED = YES;
				GCC_WARN_MISSING_PARENTHESES = YES;
				GCC_WARN_SHADOW = YES;
				GCC_WARN_SIGN_COMPARE = YES;
				GCC_WARN_TYPECHECK_CALLS_TO_PRINTF = YES;
				GCC_WARN_UNDECLARED_SELECTOR = YES;
				GCC_WARN_UNINITIALIZED_AUTOS = YES;
				GCC_WARN_UNUSED_FUNCTION = YES;
				GCC_WARN_UNUSED_LABEL = YES;
				GCC_WARN_UNUSED_VALUE = YES;
				GCC_WARN_UNUSED_VARIABLE = YES;
				SDKROOT = iphoneos;
				VALIDATE_PRODUCT = YES;
			};
			name = Release;
		};
/* End XCBuildConfiguration section */

/* Begin XCConfigurationList section */
		0AA42B37C0944B1BBCCF0650 /* Build configuration list for PBXNativeTarget "UnitTests" */ = {
			isa = XCConfigurationList;
			buildConfigurations = (
				B4AC3AE8294F41928E03BE9B /* Release */,
				068C8EA6B6244ABB866B53E9 /* Debug */,
			);
			defaultConfigurationIsVisible = 0;
			defaultConfigurationName = Release;
		};
		1331883583A74BF8B522B17C /* Build configuration list for PBXNativeTarget "Legible" */ = {
			isa = XCConfigurationList;
			buildConfigurations = (
				6FDA8C36AEA646F39BA91333 /* Release */,
				60A9A3117B3543B0BBEF9BD3 /* Debug */,
			);
			defaultConfigurationIsVisible = 0;
			defaultConfigurationName = Release;
		};
		9A35B4AB6A6940A8A9796E5F /* Build configuration list for PBXProject "Legible" */ = {
			isa = XCConfigurationList;
			buildConfigurations = (
				CE6A13DE6CE445D79E96ED7A /* Debug */,
				D7E35C90A505466B89B9CF2D /* Release */,
			);
			defaultConfigurationIsVisible = 0;
			defaultConfigurationName = Release;
		};
/* End XCConfigurationList section */

/* Begin XCVersionGroup section */
		AD1D42A818EE116400EADCA6 /* Model.xcdatamodeld */ = {
			isa = XCVersionGroup;
			children = (
				AD1D42A918EE116400EADCA6 /* Model.xcdatamodel */,
			);
			currentVersion = AD1D42A918EE116400EADCA6 /* Model.xcdatamodel */;
			name = Model.xcdatamodeld;
			path = "Core Data/Model.xcdatamodeld";
			sourceTree = "<group>";
			versionGroupType = wrapper.xcdatamodel;
		};
		AD5BCA3F190EFFB800CA1A36 /* Model.xcdatamodeld */ = {
			isa = XCVersionGroup;
			children = (
				AD5BCA40190EFFB800CA1A36 /* Model.xcdatamodel */,
			);
			currentVersion = AD5BCA40190EFFB800CA1A36 /* Model.xcdatamodel */;
			path = Model.xcdatamodeld;
			sourceTree = "<group>";
			versionGroupType = wrapper.xcdatamodel;
		};
/* End XCVersionGroup section */
	};
	rootObject = F0AFA0214D27462FA74E7269 /* Project object */;
}
